
Microsoft Visual Studio Solution File, Format Version 12.00
# Visual Studio Version 17
VisualStudioVersion = 17.10.35013.160
MinimumVisualStudioVersion = 10.0.40219.1
Project("{9A19103F-16F7-4668-BE54-9A1E7A4F7556}") = "APIfilms", "APIfilms\APIfilms.csproj", "{B02B82A5-36E9-41BF-AD20-A5E8FA043D62}"
EndProject
Project("{9A19103F-16F7-4668-BE54-9A1E7A4F7556}") = "APIfilmsTests", "APIfilmsTests\APIfilmsTests.csproj", "{EE9B1475-FF20-464B-9300-C88772C87103}"
EndProject
Global
	GlobalSection(SolutionConfigurationPlatforms) = preSolution
		Debug|Any CPU = Debug|Any CPU
		Release|Any CPU = Release|Any CPU
	EndGlobalSection
	GlobalSection(ProjectConfigurationPlatforms) = postSolution
		{B02B82A5-36E9-41BF-AD20-A5E8FA043D62}.Debug|Any CPU.ActiveCfg = Debug|Any CPU
		{B02B82A5-36E9-41BF-AD20-A5E8FA043D62}.Debug|Any CPU.Build.0 = Debug|Any CPU
		{B02B82A5-36E9-41BF-AD20-A5E8FA043D62}.Release|Any CPU.ActiveCfg = Release|Any CPU
		{B02B82A5-36E9-41BF-AD20-A5E8FA043D62}.Release|Any CPU.Build.0 = Release|Any CPU
		{EE9B1475-FF20-464B-9300-C88772C87103}.Debug|Any CPU.ActiveCfg = Debug|Any CPU
		{EE9B1475-FF20-464B-9300-C88772C87103}.Debug|Any CPU.Build.0 = Debug|Any CPU
		{EE9B1475-FF20-464B-9300-C88772C87103}.Release|Any CPU.ActiveCfg = Release|Any CPU
		{EE9B1475-FF20-464B-9300-C88772C87103}.Release|Any CPU.Build.0 = Release|Any CPU
	EndGlobalSection
	GlobalSection(SolutionProperties) = preSolution
		HideSolutionNode = FALSE
	EndGlobalSection
	GlobalSection(ExtensibilityGlobals) = postSolution
		SolutionGuid = {562E34EC-ABB3-4E33-8E6D-810A201C99F7}
	EndGlobalSection
EndGlobal
